Microsoft Visual Studio Solution File, Format Version 12.00
# Visual Studio Version 17
VisualStudioVersion = 17.0.31611.283
MinimumVisualStudioVersion = 10.0.40219.1
Project("{9A19103F-16F7-4668-BE54-9A1E7A4F7556}") = "BkbAppBlazorMaui", "BkbAppBlazorMaui\BkbAppBlazorMaui.csproj", "{8CCE9222-FA50-4F3E-8ADA-A95CB60B700F}"
EndProject
Project("{2150E333-8FDC-42A3-9474-1A3956D46DE8}") = "Data", "Data", "{D5955C4D-81AE-433F-8DB6-B9E5C1FC19D3}"
EndProject
Project("{2150E333-8FDC-42A3-9474-1A3956D46DE8}") = "Logic", "Logic", "{54CEBD7D-4892-498E-9EBE-53F05DA962AF}"
EndProject
Project("{2150E333-8FDC-42A3-9474-1A3956D46DE8}") = "UI", "UI", "{ADC56CFC-F725-4416-8744-6676E6F9EA85}"
EndProject
Project("{2150E333-8FDC-42A3-9474-1A3956D46DE8}") = "Model", "Model", "{180B6E3E-1659-46C0-979A-A8A0640ABDF3}"
EndProject
Project("{FAE04EC0-301F-11D3-BF4B-00C04F79EFBC}") = "ViewModels", "ViewModels\ViewModels.csproj", "{6A287877-DB5A-4186-892C-B7EE2B010607}"
EndProject
Project("{FAE04EC0-301F-11D3-BF4B-00C04F79EFBC}") = "ViewModels.Contracts", "ViewModels.Contracts\ViewModels.Contracts.csproj", "{B451575A-0D5F-4FAF-88B8-38A272ADBAB3}"
EndProject
Project("{FAE04EC0-301F-11D3-BF4B-00C04F79EFBC}") = "DomainModels", "DomainModels\DomainModels.csproj", "{5798B540-D98C-4DCF-84CD-F26B02B81D6E}"
EndProject
Project("{FAE04EC0-301F-11D3-BF4B-00C04F79EFBC}") = "DomainModels.Contracts", "DomainModels.Contracts\DomainModels.Contracts.csproj", "{B34B6E53-C067-4D43-B334-4C879DF1FC8E}"
EndProject
Project("{2150E333-8FDC-42A3-9474-1A3956D46DE8}") = "Integration", "Integration", "{331C1211-3C3D-4D08-99D2-B7B8672571BE}"
EndProject
Project("{FAE04EC0-301F-11D3-BF4B-00C04F79EFBC}") = "BkbAppWorkflow", "BkbAppWorkflow\BkbAppWorkflow.csproj", "{15CEC190-400E-40AB-8C89-9DABE43902B2}"
EndProject
Project("{FAE04EC0-301F-11D3-BF4B-00C04F79EFBC}") = "BkbAppWorkflow.Contracts", "BkbAppWorkflow.Contracts\BkbAppWorkflow.Contracts.csproj", "{8474BC8B-2267-4A8A-9C5D-77BF23796362}"
EndProject
Project("{FAE04EC0-301F-11D3-BF4B-00C04F79EFBC}") = "Repository.Contracts", "Repository.Contracts\Repository.Contracts.csproj", "{2727AD2F-8F3B-48EB-A26E-1A1CC98BC8BA}"
EndProject
Project("{FAE04EC0-301F-11D3-BF4B-00C04F79EFBC}") = "EntityFrameworkRepository", "EntityFrameworkRepository\EntityFrameworkRepository.csproj", "{46EAB873-F20F-412A-AC32-84CD9EF0728B}"
EndProject
Global
	GlobalSection(SolutionConfigurationPlatforms) = preSolution
		Debug|Any CPU = Debug|Any CPU
		Release|Any CPU = Release|Any CPU
	EndGlobalSection
	GlobalSection(ProjectConfigurationPlatforms) = postSolution
		{8CCE9222-FA50-4F3E-8ADA-A95CB60B700F}.Debug|Any CPU.ActiveCfg = Debug|Any CPU
		{8CCE9222-FA50-4F3E-8ADA-A95CB60B700F}.Debug|Any CPU.Build.0 = Debug|Any CPU
		{8CCE9222-FA50-4F3E-8ADA-A95CB60B700F}.Debug|Any CPU.Deploy.0 = Debug|Any CPU
		{8CCE9222-FA50-4F3E-8ADA-A95CB60B700F}.Release|Any CPU.ActiveCfg = Release|Any CPU
		{8CCE9222-FA50-4F3E-8ADA-A95CB60B700F}.Release|Any CPU.Build.0 = Release|Any CPU
		{8CCE9222-FA50-4F3E-8ADA-A95CB60B700F}.Release|Any CPU.Deploy.0 = Release|Any CPU
		{6A287877-DB5A-4186-892C-B7EE2B010607}.Debug|Any CPU.ActiveCfg = Debug|Any CPU
		{6A287877-DB5A-4186-892C-B7EE2B010607}.Debug|Any CPU.Build.0 = Debug|Any CPU
		{6A287877-DB5A-4186-892C-B7EE2B010607}.Release|Any CPU.ActiveCfg = Release|Any CPU
		{6A287877-DB5A-4186-892C-B7EE2B010607}.Release|Any CPU.Build.0 = Release|Any CPU
		{B451575A-0D5F-4FAF-88B8-38A272ADBAB3}.Debug|Any CPU.ActiveCfg = Debug|Any CPU
		{B451575A-0D5F-4FAF-88B8-38A272ADBAB3}.Debug|Any CPU.Build.0 = Debug|Any CPU
		{B451575A-0D5F-4FAF-88B8-38A272ADBAB3}.Release|Any CPU.ActiveCfg = Release|Any CPU
		{B451575A-0D5F-4FAF-88B8-38A272ADBAB3}.Release|Any CPU.Build.0 = Release|Any CPU
		{5798B540-D98C-4DCF-84CD-F26B02B81D6E}.Debug|Any CPU.ActiveCfg = Debug|Any CPU
		{5798B540-D98C-4DCF-84CD-F26B02B81D6E}.Debug|Any CPU.Build.0 = Debug|Any CPU
		{5798B540-D98C-4DCF-84CD-F26B02B81D6E}.Release|Any CPU.ActiveCfg = Release|Any CPU
		{5798B540-D98C-4DCF-84CD-F26B02B81D6E}.Release|Any CPU.Build.0 = Release|Any CPU
		{B34B6E53-C067-4D43-B334-4C879DF1FC8E}.Debug|Any CPU.ActiveCfg = Debug|Any CPU
		{B34B6E53-C067-4D43-B334-4C879DF1FC8E}.Debug|Any CPU.Build.0 = Debug|Any CPU
		{B34B6E53-C067-4D43-B334-4C879DF1FC8E}.Release|Any CPU.ActiveCfg = Release|Any CPU
		{B34B6E53-C067-4D43-B334-4C879DF1FC8E}.Release|Any CPU.Build.0 = Release|Any CPU
		{15CEC190-400E-40AB-8C89-9DABE43902B2}.Debug|Any CPU.ActiveCfg = Debug|Any CPU
		{15CEC190-400E-40AB-8C89-9DABE43902B2}.Debug|Any CPU.Build.0 = Debug|Any CPU
		{15CEC190-400E-40AB-8C89-9DABE43902B2}.Release|Any CPU.ActiveCfg = Release|Any CPU
		{15CEC190-400E-40AB-8C89-9DABE43902B2}.Release|Any CPU.Build.0 = Release|Any CPU
		{8474BC8B-2267-4A8A-9C5D-77BF23796362}.Debug|Any CPU.ActiveCfg = Debug|Any CPU
		{8474BC8B-2267-4A8A-9C5D-77BF23796362}.Debug|Any CPU.Build.0 = Debug|Any CPU
		{8474BC8B-2267-4A8A-9C5D-77BF23796362}.Release|Any CPU.ActiveCfg = Release|Any CPU
		{8474BC8B-2267-4A8A-9C5D-77BF23796362}.Release|Any CPU.Build.0 = Release|Any CPU
		{2727AD2F-8F3B-48EB-A26E-1A1CC98BC8BA}.Debug|Any CPU.ActiveCfg = Debug|Any CPU
		{2727AD2F-8F3B-48EB-A26E-1A1CC98BC8BA}.Debug|Any CPU.Build.0 = Debug|Any CPU
		{2727AD2F-8F3B-48EB-A26E-1A1CC98BC8BA}.Release|Any CPU.ActiveCfg = Release|Any CPU
		{2727AD2F-8F3B-48EB-A26E-1A1CC98BC8BA}.Release|Any CPU.Build.0 = Release|Any CPU
		{46EAB873-F20F-412A-AC32-84CD9EF0728B}.Debug|Any CPU.ActiveCfg = Debug|Any CPU
		{46EAB873-F20F-412A-AC32-84CD9EF0728B}.Debug|Any CPU.Build.0 = Debug|Any CPU
		{46EAB873-F20F-412A-AC32-84CD9EF0728B}.Release|Any CPU.ActiveCfg = Release|Any CPU
		{46EAB873-F20F-412A-AC32-84CD9EF0728B}.Release|Any CPU.Build.0 = Release|Any CPU
	EndGlobalSection
	GlobalSection(SolutionProperties) = preSolution
		HideSolutionNode = FALSE
	EndGlobalSection
	GlobalSection(NestedProjects) = preSolution
		{8CCE9222-FA50-4F3E-8ADA-A95CB60B700F} = {ADC56CFC-F725-4416-8744-6676E6F9EA85}
		{6A287877-DB5A-4186-892C-B7EE2B010607} = {180B6E3E-1659-46C0-979A-A8A0640ABDF3}
		{B451575A-0D5F-4FAF-88B8-38A272ADBAB3} = {180B6E3E-1659-46C0-979A-A8A0640ABDF3}
		{5798B540-D98C-4DCF-84CD-F26B02B81D6E} = {180B6E3E-1659-46C0-979A-A8A0640ABDF3}
		{B34B6E53-C067-4D43-B334-4C879DF1FC8E} = {180B6E3E-1659-46C0-979A-A8A0640ABDF3}
		{331C1211-3C3D-4D08-99D2-B7B8672571BE} = {54CEBD7D-4892-498E-9EBE-53F05DA962AF}
		{15CEC190-400E-40AB-8C89-9DABE43902B2} = {331C1211-3C3D-4D08-99D2-B7B8672571BE}
		{8474BC8B-2267-4A8A-9C5D-77BF23796362} = {331C1211-3C3D-4D08-99D2-B7B8672571BE}
		{2727AD2F-8F3B-48EB-A26E-1A1CC98BC8BA} = {D5955C4D-81AE-433F-8DB6-B9E5C1FC19D3}
		{46EAB873-F20F-412A-AC32-84CD9EF0728B} = {D5955C4D-81AE-433F-8DB6-B9E5C1FC19D3}
	EndGlobalSection
	GlobalSection(ExtensibilityGlobals) = postSolution
		SolutionGuid = {61F7FB11-1E47-470C-91E2-47F8143E1572}
	EndGlobalSection
EndGlobal
